%{
  "bakeware": {:git, "https://github.com/vans163/bakeware", "c7f2c6c77cd6f053d5608ffa4e0b47e42c937349", [branch: "main"]},
  "blake3": {:git, "https://github.com/vans163/blake3", "396c613f7100700123805df654f63fdd7e908e15", [branch: "finalize_xof"]},
  "blake3_ex": {:git, "https://github.com/vans163/blake3", "94e0ca383c2cbe86d09d52344b8a6ed7912ab675", [branch: "finalize_xof"]},
  "bls_ex": {:git, "https://github.com/amadeusprotocol/bls_ex", "6651824947c3dc9b131e2f79341732fa5c052cf1", []},
  "comsat": {:git, "https://github.com/vans163/ComSat.git", "cda8f6370a8044d2f2d549e33b811f23dec9f173", []},
  "elixir_make": {:hex, :elixir_make, "0.9.0", "6484b3cd8c0cee58f09f05ecaf1a140a8c97670671a6a0e7ab4dc326c3109726", [:mix], [], "hexpm", "db23d4fd8b757462ad02f8aa73431a426fe6671c80b200d9710caf3d1dd0ffdb"},
  "ex_stun": {:git, "https://github.com/elixir-webrtc/ex_stun.git", "caf8851c0fcd0962e9009a9e28172172732e447c", []},
  "exjsx": {:hex, :exjsx, "4.0.0", "60548841e0212df401e38e63c0078ec57b33e7ea49b032c796ccad8cde794b5c", [:mix], [{:jsx, "~> 2.8.0", [hex: :jsx, repo: "hexpm", optional: false]}], "hexpm", "32e95820a97cffea67830e91514a2ad53b888850442d6d395f53a1ac60c82e07"},
  "jason": {:hex, :jason, "1.4.4", "b9226785a9aa77b6857ca22832cffa5d5011a667207eb2a0ad56adb5db443b8a", [:mix], [{:decimal, "~> 1.0 or ~> 2.0", [hex: :decimal, repo: "hexpm", optional: true]}], "hexpm", "c5eb0cab91f094599f94d55bc63409236a8ec69a21a67814529e8d5f6cc90b3b"},
  "jsx": {:hex, :jsx, "2.8.3", "a05252d381885240744d955fbe3cf810504eb2567164824e19303ea59eef62cf", [:mix, :rebar3], [], "hexpm", "fc3499fed7a726995aa659143a248534adc754ebd16ccd437cd93b649a95091f"},
  "mnesia_kv": {:git, "https://github.com/xenomorphtech/mnesia_kv.git", "890109669975807b72506adceea7f20682bc6a67", []},
  "parse_trans": {:git, "https://github.com/uwiger/parse_trans", "d99fb36755c813a5db23e6f93741aa58323ef911", []},
  "photon": {:git, "https://github.com/vans163/photon.git", "486933a1a7c613a628b3bc0448daf0709e4f6b0d", []},
  "reedsolomon_ex": {:git, "https://github.com/amadeusprotocol/reedsolomon_ex", "e11ddb33a50a4a3ccb1419a438fcc00b3c7ba8d4", []},
  "rocksdb": {:git, "https://gitlab.com/vans/erlang-rocksdb.git", "18add8e992a374771e6f1e97b1f50db6bf31a16f", [branch: "fix-gcc13"]},
  "rustler": {:hex, :rustler, "0.37.1", "721434020c7f6f8e1cdc57f44f75c490435b01de96384f8ccb96043f12e8a7e0", [:mix], [{:jason, "~> 1.0", [hex: :jason, repo: "hexpm", optional: false]}], "hexpm", "24547e9b8640cf00e6a2071acb710f3e12ce0346692e45098d84d45cdb54fd79"},
  "ssl_verify_fun": {:hex, :ssl_verify_fun, "1.1.7", "354c321cf377240c7b8716899e182ce4890c5938111a1296add3ec74cf1715df", [:make, :mix, :rebar3], [], "hexpm", "fe4c190e8f37401d30167c8c405eda19469f34577987c76dde613e838bbc67f8"},
  "wasmer_ex": {:git, "https://github.com/amadeusprotocol/wasmer_ex", "9ee91d612a8f24296d793e5f85624f12c25a4c93", []},
  "x509": {:git, "https://github.com/voltone/x509", "341619ae36e483f6daea39df486036eda2b70350", []},
}
